
Microsoft Visual Studio Solution File, Format Version 12.00
# Visual Studio 15
VisualStudioVersion = 15.0.28307.421
MinimumVisualStudioVersion = 10.0.40219.1
Project("{FAE04EC0-301F-11D3-BF4B-00C04F79EFBC}") = "ConsoleApp4", "ConsoleApp4\ConsoleApp4.csproj", "{20A881BB-233D-4D9E-94C1-F4172D4FB88C}"
EndProject
Global
	GlobalSection(SolutionConfigurationPlatforms) = preSolution
		Debug|Any CPU = Debug|Any CPU
		Release|Any CPU = Release|Any CPU
	EndGlobalSection
	GlobalSection(ProjectConfigurationPlatforms) = postSolution
		{20A881BB-233D-4D9E-94C1-F4172D4FB88C}.Debug|Any CPU.ActiveCfg = Debug|Any CPU
		{20A881BB-233D-4D9E-94C1-F4172D4FB88C}.Debug|Any CPU.Build.0 = Debug|Any CPU
		{20A881BB-233D-4D9E-94C1-F4172D4FB88C}.Release|Any CPU.ActiveCfg = Release|Any CPU
		{20A881BB-233D-4D9E-94C1-F4172D4FB88C}.Release|Any CPU.Build.0 = Release|Any CPU
	EndGlobalSection
	GlobalSection(SolutionProperties) = preSolution
		HideSolutionNode = FALSE
	EndGlobalSection
	GlobalSection(ExtensibilityGlobals) = postSolution
		SolutionGuid = {D1866C7C-9E60-4EA5-8700-FF06547CA6FE}
	EndGlobalSection
EndGlobal
